// !$*UTF8*$!
{
	archiveVersion = 1;
	classes = {
	};
	objectVersion = 46;
	objects = {

/* Begin PBXBuildFile section */
		201E6DB917F8BB260004B93D /* Foundation.framework in Frameworks */ = {isa = PBXBuildFile; fileRef = 201E6DB817F8BB260004B93D /* Foundation.framework */; };
		201E6DBB17F8BB260004B93D /* CoreGraphics.framework in Frameworks */ = {isa = PBXBuildFile; fileRef = 201E6DBA17F8BB260004B93D /* CoreGraphics.framework */; };
		201E6DBD17F8BB260004B93D /* UIKit.framework in Frameworks */ = {isa = PBXBuildFile; fileRef = 201E6DBC17F8BB260004B93D /* UIKit.framework */; };
		201E6DC317F8BB260004B93D /* InfoPlist.strings in Resources */ = {isa = PBXBuildFile; fileRef = 201E6DC117F8BB260004B93D /* InfoPlist.strings */; };
		201E6DC517F8BB260004B93D /* main.m in Sources */ = {isa = PBXBuildFile; fileRef = 201E6DC417F8BB260004B93D /* main.m */; };
		201E6DC917F8BB260004B93D /* losAppDelegate.m in Sources */ = {isa = PBXBuildFile; fileRef = 201E6DC817F8BB260004B93D /* losAppDelegate.m */; };
		201E6DCC17F8BB260004B93D /* Main.storyboard in Resources */ = {isa = PBXBuildFile; fileRef = 201E6DCA17F8BB260004B93D /* Main.storyboard */; };
		201E6DCF17F8BB260004B93D /* losFirstViewController.m in Sources */ = {isa = PBXBuildFile; fileRef = 201E6DCE17F8BB260004B93D /* losFirstViewController.m */; };
		201E6DD417F8BB260004B93D /* Images.xcassets in Resources */ = {isa = PBXBuildFile; fileRef = 201E6DD317F8BB260004B93D /* Images.xcassets */; };
		201E6DDB17F8BB260004B93D /* XCTest.framework in Frameworks */ = {isa = PBXBuildFile; fileRef = 201E6DDA17F8BB260004B93D /* XCTest.framework */; };
		201E6DDC17F8BB260004B93D /* Foundation.framework in Frameworks */ = {isa = PBXBuildFile; fileRef = 201E6DB817F8BB260004B93D /* Foundation.framework */; };
		201E6DDD17F8BB260004B93D /* UIKit.framework in Frameworks */ = {isa = PBXBuildFile; fileRef = 201E6DBC17F8BB260004B93D /* UIKit.framework */; };
		201E6DE517F8BB260004B93D /* InfoPlist.strings in Resources */ = {isa = PBXBuildFile; fileRef = 201E6DE317F8BB260004B93D /* InfoPlist.strings */; };
		201E6DE717F8BB260004B93D /* Luck_of_the_SettlersTests.m in Sources */ = {isa = PBXBuildFile; fileRef = 201E6DE617F8BB260004B93D /* Luck_of_the_SettlersTests.m */; };
		2063CFA019FC3D2F00BA4343 /* Tile.m in Sources */ = {isa = PBXBuildFile; fileRef = 2063CF9F19FC3D2F00BA4343 /* Tile.m */; };
		2063CFA619FC403100BA4343 /* TileDetailsViewController.m in Sources */ = {isa = PBXBuildFile; fileRef = 2063CFA519FC403100BA4343 /* TileDetailsViewController.m */; };
		2063CFA919FCB0D200BA4343 /* ResourceViewController.m in Sources */ = {isa = PBXBuildFile; fileRef = 2063CFA819FCB0D200BA4343 /* ResourceViewController.m */; };
		2063CFAC19FD621E00BA4343 /* RollChooserController.m in Sources */ = {isa = PBXBuildFile; fileRef = 2063CFAB19FD621E00BA4343 /* RollChooserController.m */; };
		20C8ADB119FC32D6005E0829 /* TilesViewController.m in Sources */ = {isa = PBXBuildFile; fileRef = 20C8ADB019FC32D6005E0829 /* TilesViewController.m */; };
		20C8ADB419FC3552005E0829 /* TileTableViewCell.m in Sources */ = {isa = PBXBuildFile; fileRef = 20C8ADB319FC3552005E0829 /* TileTableViewCell.m */; };
		20DEEDD5189585F200569717 /* RollTrackingViewCell.m in Sources */ = {isa = PBXBuildFile; fileRef = 20DEEDD4189585F200569717 /* RollTrackingViewCell.m */; };
		20DEEDD81895886700569717 /* RollsTableViewController.m in Sources */ = {isa = PBXBuildFile; fileRef = 20DEEDD71895886700569717 /* RollsTableViewController.m */; };
		20DEEDDB1895956B00569717 /* CountChangedProtocol.m in Sources */ = {isa = PBXBuildFile; fileRef = 20DEEDDA1895956B00569717 /* CountChangedProtocol.m */; };
/* End PBXBuildFile section */

/* Begin PBXContainerItemProxy section */
		201E6DDE17F8BB260004B93D /* PBXContainerItemProxy */ = {
			isa = PBXContainerItemProxy;
			containerPortal = 201E6DAD17F8BB260004B93D /* Project object */;
			proxyType = 1;
			remoteGlobalIDString = 201E6DB417F8BB260004B93D;
			remoteInfo = "Luck of the Settlers";
		};
/* End PBXContainerItemProxy section */

/* Begin PBXFileReference section */
		201E6DB517F8BB260004B93D /* Luck of the Settlers.app */ = {isa = PBXFileReference; explicitFileType = wrapper.application; includeInIndex = 0; path = "Luck of the Settlers.app"; sourceTree = BUILT_PRODUCTS_DIR; };
		201E6DB817F8BB260004B93D /* Foundation.framework */ = {isa = PBXFileReference; lastKnownFileType = wrapper.framework; name = Foundation.framework; path = System/Library/Frameworks/Foundation.framework; sourceTree = SDKROOT; };
		201E6DBA17F8BB260004B93D /* CoreGraphics.framework */ = {isa = PBXFileReference; lastKnownFileType = wrapper.framework; name = CoreGraphics.framework; path = System/Library/Frameworks/CoreGraphics.framework; sourceTree = SDKROOT; };
		201E6DBC17F8BB260004B93D /* UIKit.framework */ = {isa = PBXFileReference; lastKnownFileType = wrapper.framework; name = UIKit.framework; path = System/Library/Frameworks/UIKit.framework; sourceTree = SDKROOT; };
		201E6DC017F8BB260004B93D /* Luck of the Settlers-Info.plist */ = {isa = PBXFileReference; lastKnownFileType = text.plist.xml; path = "Luck of the Settlers-Info.plist"; sourceTree = "<group>"; };
		201E6DC217F8BB260004B93D /* en */ = {isa = PBXFileReference; lastKnownFileType = text.plist.strings; name = en; path = en.lproj/InfoPlist.strings; sourceTree = "<group>"; };
		201E6DC417F8BB260004B93D /* main.m */ = {isa = PBXFileReference; lastKnownFileType = sourcecode.c.objc; path = main.m; sourceTree = "<group>"; };
		201E6DC617F8BB260004B93D /* Luck of the Settlers-Prefix.pch */ = {isa = PBXFileReference; lastKnownFileType = sourcecode.c.h; path = "Luck of the Settlers-Prefix.pch"; sourceTree = "<group>"; };
		201E6DC717F8BB260004B93D /* losAppDelegate.h */ = {isa = PBXFileReference; lastKnownFileType = sourcecode.c.h; path = losAppDelegate.h; sourceTree = "<group>"; };
		201E6DC817F8BB260004B93D /* losAppDelegate.m */ = {isa = PBXFileReference; lastKnownFileType = sourcecode.c.objc; path = losAppDelegate.m; sourceTree = "<group>"; };
		201E6DCB17F8BB260004B93D /* Base */ = {isa = PBXFileReference; lastKnownFileType = file.storyboard; name = Base; path = Base.lproj/Main.storyboard; sourceTree = "<group>"; };
		201E6DCD17F8BB260004B93D /* losFirstViewController.h */ = {isa = PBXFileReference; lastKnownFileType = sourcecode.c.h; path = losFirstViewController.h; sourceTree = "<group>"; };
		201E6DCE17F8BB260004B93D /* losFirstViewController.m */ = {isa = PBXFileReference; lastKnownFileType = sourcecode.c.objc; path = losFirstViewController.m; sourceTree = "<group>"; };
		201E6DD317F8BB260004B93D /* Images.xcassets */ = {isa = PBXFileReference; lastKnownFileType = folder.assetcatalog; path = Images.xcassets; sourceTree = "<group>"; };
		201E6DD917F8BB260004B93D /* Luck of the SettlersTests.xctest */ = {isa = PBXFileReference; explicitFileType = wrapper.cfbundle; includeInIndex = 0; path = "Luck of the SettlersTests.xctest"; sourceTree = BUILT_PRODUCTS_DIR; };
		201E6DDA17F8BB260004B93D /* XCTest.framework */ = {isa = PBXFileReference; lastKnownFileType = wrapper.framework; name = XCTest.framework; path = Library/Frameworks/XCTest.framework; sourceTree = DEVELOPER_DIR; };
		201E6DE217F8BB260004B93D /* Luck of the SettlersTests-Info.plist */ = {isa = PBXFileReference; lastKnownFileType = text.plist.xml; path = "Luck of the SettlersTests-Info.plist"; sourceTree = "<group>"; };
		201E6DE417F8BB260004B93D /* en */ = {isa = PBXFileReference; lastKnownFileType = text.plist.strings; name = en; path = en.lproj/InfoPlist.strings; sourceTree = "<group>"; };
		201E6DE617F8BB260004B93D /* Luck_of_the_SettlersTests.m */ = {isa = PBXFileReference; lastKnownFileType = sourcecode.c.objc; path = Luck_of_the_SettlersTests.m; sourceTree = "<group>"; };
		2063CF9E19FC3D2F00BA4343 /* Tile.h */ = {isa = PBXFileReference; fileEncoding = 4; lastKnownFileType = sourcecode.c.h; path = Tile.h; sourceTree = "<group>"; };
		2063CF9F19FC3D2F00BA4343 /* Tile.m */ = {isa = PBXFileReference; fileEncoding = 4; lastKnownFileType = sourcecode.c.objc; path = Tile.m; sourceTree = "<group>"; };
		2063CFA419FC403100BA4343 /* TileDetailsViewController.h */ = {isa = PBXFileReference; fileEncoding = 4; lastKnownFileType = sourcecode.c.h; path = TileDetailsViewController.h; sourceTree = "<group>"; };
		2063CFA519FC403100BA4343 /* TileDetailsViewController.m */ = {isa = PBXFileReference; fileEncoding = 4; lastKnownFileType = sourcecode.c.objc; path = TileDetailsViewController.m; sourceTree = "<group>"; };
		2063CFA719FCB0D200BA4343 /* ResourceViewController.h */ = {isa = PBXFileReference; fileEncoding = 4; lastKnownFileType = sourcecode.c.h; path = ResourceViewController.h; sourceTree = "<group>"; };
		2063CFA819FCB0D200BA4343 /* ResourceViewController.m */ = {isa = PBXFileReference; fileEncoding = 4; lastKnownFileType = sourcecode.c.objc; path = ResourceViewController.m; sourceTree = "<group>"; };
		2063CFAA19FD621E00BA4343 /* RollChooserController.h */ = {isa = PBXFileReference; fileEncoding = 4; lastKnownFileType = sourcecode.c.h; path = RollChooserController.h; sourceTree = "<group>"; };
		2063CFAB19FD621E00BA4343 /* RollChooserController.m */ = {isa = PBXFileReference; fileEncoding = 4; lastKnownFileType = sourcecode.c.objc; path = RollChooserController.m; sourceTree = "<group>"; };
		20C8ADAF19FC32D6005E0829 /* TilesViewController.h */ = {isa = PBXFileReference; fileEncoding = 4; lastKnownFileType = sourcecode.c.h; path = TilesViewController.h; sourceTree = "<group>"; };
		20C8ADB019FC32D6005E0829 /* TilesViewController.m */ = {isa = PBXFileReference; fileEncoding = 4; lastKnownFileType = sourcecode.c.objc; path = TilesViewController.m; sourceTree = "<group>"; };
		20C8ADB219FC3552005E0829 /* TileTableViewCell.h */ = {isa = PBXFileReference; fileEncoding = 4; lastKnownFileType = sourcecode.c.h; path = TileTableViewCell.h; sourceTree = "<group>"; };
		20C8ADB319FC3552005E0829 /* TileTableViewCell.m */ = {isa = PBXFileReference; fileEncoding = 4; lastKnownFileType = sourcecode.c.objc; path = TileTableViewCell.m; sourceTree = "<group>"; };
		20DEEDD3189585F200569717 /* RollTrackingViewCell.h */ = {isa = PBXFileReference; fileEncoding = 4; lastKnownFileType = sourcecode.c.h; path = RollTrackingViewCell.h; sourceTree = "<group>"; };
		20DEEDD4189585F200569717 /* RollTrackingViewCell.m */ = {isa = PBXFileReference; fileEncoding = 4; lastKnownFileType = sourcecode.c.objc; path = RollTrackingViewCell.m; sourceTree = "<group>"; };
		20DEEDD61895886700569717 /* RollsTableViewController.h */ = {isa = PBXFileReference; fileEncoding = 4; lastKnownFileType = sourcecode.c.h; path = RollsTableViewController.h; sourceTree = "<group>"; };
		20DEEDD71895886700569717 /* RollsTableViewController.m */ = {isa = PBXFileReference; fileEncoding = 4; lastKnownFileType = sourcecode.c.objc; path = RollsTableViewController.m; sourceTree = "<group>"; };
		20DEEDD91895956B00569717 /* CountChangedProtocol.h */ = {isa = PBXFileReference; fileEncoding = 4; lastKnownFileType = sourcecode.c.h; path = CountChangedProtocol.h; sourceTree = "<group>"; };
		20DEEDDA1895956B00569717 /* CountChangedProtocol.m */ = {isa = PBXFileReference; fileEncoding = 4; lastKnownFileType = sourcecode.c.objc; path = CountChangedProtocol.m; sourceTree = "<group>"; };
/* End PBXFileReference section */

/* Begin PBXFrameworksBuildPhase section */
		201E6DB217F8BB260004B93D /* Frameworks */ = {
			isa = PBXFrameworksBuildPhase;
			buildActionMask = 2147483647;
			files = (
				201E6DBB17F8BB260004B93D /* CoreGraphics.framework in Frameworks */,
				201E6DBD17F8BB260004B93D /* UIKit.framework in Frameworks */,
				201E6DB917F8BB260004B93D /* Foundation.framework in Frameworks */,
			);
			runOnlyForDeploymentPostprocessing = 0;
		};
		201E6DD617F8BB260004B93D /* Frameworks */ = {
			isa = PBXFrameworksBuildPhase;
			buildActionMask = 2147483647;
			files = (
				201E6DDB17F8BB260004B93D /* XCTest.framework in Frameworks */,
				201E6DDD17F8BB260004B93D /* UIKit.framework in Frameworks */,
				201E6DDC17F8BB260004B93D /* Foundation.framework in Frameworks */,
			);
			runOnlyForDeploymentPostprocessing = 0;
		};
/* End PBXFrameworksBuildPhase section */

/* Begin PBXGroup section */
		201E6DAC17F8BB260004B93D = {
			isa = PBXGroup;
			children = (
				201E6DBE17F8BB260004B93D /* Luck of the Settlers */,
				201E6DE017F8BB260004B93D /* Luck of the SettlersTests */,
				201E6DB717F8BB260004B93D /* Frameworks */,
				201E6DB617F8BB260004B93D /* Products */,
			);
			sourceTree = "<group>";
		};
		201E6DB617F8BB260004B93D /* Products */ = {
			isa = PBXGroup;
			children = (
				201E6DB517F8BB260004B93D /* Luck of the Settlers.app */,
				201E6DD917F8BB260004B93D /* Luck of the SettlersTests.xctest */,
			);
			name = Products;
			sourceTree = "<group>";
		};
		201E6DB717F8BB260004B93D /* Frameworks */ = {
			isa = PBXGroup;
			children = (
				201E6DB817F8BB260004B93D /* Foundation.framework */,
				201E6DBA17F8BB260004B93D /* CoreGraphics.framework */,
				201E6DBC17F8BB260004B93D /* UIKit.framework */,
				201E6DDA17F8BB260004B93D /* XCTest.framework */,
			);
			name = Frameworks;
			sourceTree = "<group>";
		};
		201E6DBE17F8BB260004B93D /* Luck of the Settlers */ = {
			isa = PBXGroup;
			children = (
				201E6DC717F8BB260004B93D /* losAppDelegate.h */,
				201E6DC817F8BB260004B93D /* losAppDelegate.m */,
				201E6DCA17F8BB260004B93D /* Main.storyboard */,
				20DEEDD61895886700569717 /* RollsTableViewController.h */,
				20DEEDD71895886700569717 /* RollsTableViewController.m */,
				201E6DCD17F8BB260004B93D /* losFirstViewController.h */,
				201E6DCE17F8BB260004B93D /* losFirstViewController.m */,
				201E6DD317F8BB260004B93D /* Images.xcassets */,
				201E6DBF17F8BB260004B93D /* Supporting Files */,
				20DEEDD3189585F200569717 /* RollTrackingViewCell.h */,
				20DEEDD4189585F200569717 /* RollTrackingViewCell.m */,
				20DEEDD91895956B00569717 /* CountChangedProtocol.h */,
				20DEEDDA1895956B00569717 /* CountChangedProtocol.m */,
				20C8ADAF19FC32D6005E0829 /* TilesViewController.h */,
				20C8ADB019FC32D6005E0829 /* TilesViewController.m */,
				20C8ADB219FC3552005E0829 /* TileTableViewCell.h */,
				20C8ADB319FC3552005E0829 /* TileTableViewCell.m */,
				2063CF9E19FC3D2F00BA4343 /* Tile.h */,
				2063CF9F19FC3D2F00BA4343 /* Tile.m */,
				2063CFA419FC403100BA4343 /* TileDetailsViewController.h */,
				2063CFA519FC403100BA4343 /* TileDetailsViewController.m */,
				2063CFA719FCB0D200BA4343 /* ResourceViewController.h */,
				2063CFA819FCB0D200BA4343 /* ResourceViewController.m */,
				2063CFAA19FD621E00BA4343 /* RollChooserController.h */,
				2063CFAB19FD621E00BA4343 /* RollChooserController.m */,
			);
			path = "Luck of the Settlers";
			sourceTree = "<group>";
		};
		201E6DBF17F8BB260004B93D /* Supporting Files */ = {
			isa = PBXGroup;
			children = (
				201E6DC017F8BB260004B93D /* Luck of the Settlers-Info.plist */,
				201E6DC117F8BB260004B93D /* InfoPlist.strings */,
				201E6DC417F8BB260004B93D /* main.m */,
				201E6DC617F8BB260004B93D /* Luck of the Settlers-Prefix.pch */,
			);
			name = "Supporting Files";
			sourceTree = "<group>";
		};
		201E6DE017F8BB260004B93D /* Luck of the SettlersTests */ = {
			isa = PBXGroup;
			children = (
				201E6DE617F8BB260004B93D /* Luck_of_the_SettlersTests.m */,
				201E6DE117F8BB260004B93D /* Supporting Files */,
			);
			path = "Luck of the SettlersTests";
			sourceTree = "<group>";
		};
		201E6DE117F8BB260004B93D /* Supporting Files */ = {
			isa = PBXGroup;
			children = (
				201E6DE217F8BB260004B93D /* Luck of the SettlersTests-Info.plist */,
				201E6DE317F8BB260004B93D /* InfoPlist.strings */,
			);
			name = "Supporting Files";
			sourceTree = "<group>";
		};
/* End PBXGroup section */

/* Begin PBXNativeTarget section */
		201E6DB417F8BB260004B93D /* Luck of the Settlers */ = {
			isa = PBXNativeTarget;
			buildConfigurationList = 201E6DEA17F8BB260004B93D /* Build configuration list for PBXNativeTarget "Luck of the Settlers" */;
			buildPhases = (
				201E6DB117F8BB260004B93D /* Sources */,
				201E6DB217F8BB260004B93D /* Frameworks */,
				201E6DB317F8BB260004B93D /* Resources */,
			);
			buildRules = (
			);
			dependencies = (
			);
			name = "Luck of the Settlers";
			productName = "Luck of the Settlers";
			productReference = 201E6DB517F8BB260004B93D /* Luck of the Settlers.app */;
			productType = "com.apple.product-type.application";
		};
		201E6DD817F8BB260004B93D /* Luck of the SettlersTests */ = {
			isa = PBXNativeTarget;
			buildConfigurationList = 201E6DED17F8BB260004B93D /* Build configuration list for PBXNativeTarget "Luck of the SettlersTests" */;
			buildPhases = (
				201E6DD517F8BB260004B93D /* Sources */,
				201E6DD617F8BB260004B93D /* Frameworks */,
				201E6DD717F8BB260004B93D /* Resources */,
			);
			buildRules = (
			);
			dependencies = (
				201E6DDF17F8BB260004B93D /* PBXTargetDependency */,
			);
			name = "Luck of the SettlersTests";
			productName = "Luck of the SettlersTests";
			productReference = 201E6DD917F8BB260004B93D /* Luck of the SettlersTests.xctest */;
			productType = "com.apple.product-type.bundle.unit-test";
		};
/* End PBXNativeTarget section */

/* Begin PBXProject section */
		201E6DAD17F8BB260004B93D /* Project object */ = {
			isa = PBXProject;
			attributes = {
				CLASSPREFIX = los;
				LastUpgradeCheck = 0610;
				ORGANIZATIONNAME = "Max Bernardy";
				TargetAttributes = {
					201E6DD817F8BB260004B93D = {
						TestTargetID = 201E6DB417F8BB260004B93D;
					};
				};
			};
			buildConfigurationList = 201E6DB017F8BB260004B93D /* Build configuration list for PBXProject "Luck of the Settlers" */;
			compatibilityVersion = "Xcode 3.2";
			developmentRegion = English;
			hasScannedForEncodings = 0;
			knownRegions = (
				en,
				Base,
			);
			mainGroup = 201E6DAC17F8BB260004B93D;
			productRefGroup = 201E6DB617F8BB260004B93D /* Products */;
			projectDirPath = "";
			projectRoot = "";
			targets = (
				201E6DB417F8BB260004B93D /* Luck of the Settlers */,
				201E6DD817F8BB260004B93D /* Luck of the SettlersTests */,
			);
		};
/* End PBXProject section */

/* Begin PBXResourcesBuildPhase section */
		201E6DB317F8BB260004B93D /* Resources */ = {
			isa = PBXResourcesBuildPhase;
			buildActionMask = 2147483647;
			files = (
				201E6DD417F8BB260004B93D /* Images.xcassets in Resources */,
				201E6DC317F8BB260004B93D /* InfoPlist.strings in Resources */,
				201E6DCC17F8BB260004B93D /* Main.storyboard in Resources */,
			);
			runOnlyForDeploymentPostprocessing = 0;
		};
		201E6DD717F8BB260004B93D /* Resources */ = {
			isa = PBXResourcesBuildPhase;
			buildActionMask = 2147483647;
			files = (
				201E6DE517F8BB260004B93D /* InfoPlist.strings in Resources */,
			);
			runOnlyForDeploymentPostprocessing = 0;
		};
/* End PBXResourcesBuildPhase section */

/* Begin PBXSourcesBuildPhase section */
		201E6DB117F8BB260004B93D /* Sources */ = {
			isa = PBXSourcesBuildPhase;
			buildActionMask = 2147483647;
			files = (
				20DEEDDB1895956B00569717 /* CountChangedProtocol.m in Sources */,
				2063CFA019FC3D2F00BA4343 /* Tile.m in Sources */,
				2063CFA919FCB0D200BA4343 /* ResourceViewController.m in Sources */,
				20DEEDD5189585F200569717 /* RollTrackingViewCell.m in Sources */,
				20DEEDD81895886700569717 /* RollsTableViewController.m in Sources */,
				201E6DC517F8BB260004B93D /* main.m in Sources */,
				2063CFA619FC403100BA4343 /* TileDetailsViewController.m in Sources */,
				201E6DCF17F8BB260004B93D /* losFirstViewController.m in Sources */,
				20C8ADB119FC32D6005E0829 /* TilesViewController.m in Sources */,
				201E6DC917F8BB260004B93D /* losAppDelegate.m in Sources */,
				2063CFAC19FD621E00BA4343 /* RollChooserController.m in Sources */,
				20C8ADB419FC3552005E0829 /* TileTableViewCell.m in Sources */,
			);
			runOnlyForDeploymentPostprocessing = 0;
		};
		201E6DD517F8BB260004B93D /* Sources */ = {
			isa = PBXSourcesBuildPhase;
			buildActionMask = 2147483647;
			files = (
				201E6DE717F8BB260004B93D /* Luck_of_the_SettlersTests.m in Sources */,
			);
			runOnlyForDeploymentPostprocessing = 0;
		};
/* End PBXSourcesBuildPhase section */

/* Begin PBXTargetDependency section */
		201E6DDF17F8BB260004B93D /* PBXTargetDependency */ = {
			isa = PBXTargetDependency;
			target = 201E6DB417F8BB260004B93D /* Luck of the Settlers */;
			targetProxy = 201E6DDE17F8BB260004B93D /* PBXContainerItemProxy */;
		};
/* End PBXTargetDependency section */

/* Begin PBXVariantGroup section */
		201E6DC117F8BB260004B93D /* InfoPlist.strings */ = {
			isa = PBXVariantGroup;
			children = (
				201E6DC217F8BB260004B93D /* en */,
			);
			name = InfoPlist.strings;
			sourceTree = "<group>";
		};
		201E6DCA17F8BB260004B93D /* Main.storyboard */ = {
			isa = PBXVariantGroup;
			children = (
				201E6DCB17F8BB260004B93D /* Base */,
			);
			name = Main.storyboard;
			sourceTree = "<group>";
		};
		201E6DE317F8BB260004B93D /* InfoPlist.strings */ = {
			isa = PBXVariantGroup;
			children = (
				201E6DE417F8BB260004B93D /* en */,
			);
			name = InfoPlist.strings;
			sourceTree = "<group>";
		};
/* End PBXVariantGroup section */

/* Begin XCBuildConfiguration section */
		201E6DE817F8BB260004B93D /* Debug */ = {
			isa = XCBuildConfiguration;
			buildSettings = {
				ALWAYS_SEARCH_USER_PATHS = NO;
				CLANG_CXX_LANGUAGE_STANDARD = "gnu++0x";
				CLANG_CXX_LIBRARY = "libc++";
				CLANG_ENABLE_MODULES = YES;
				CLANG_ENABLE_OBJC_ARC = YES;
				CLANG_WARN_BOOL_CONVERSION = YES;
				CLANG_WARN_CONSTANT_CONVERSION = YES;
				CLANG_WARN_DIRECT_OBJC_ISA_USAGE = YES_ERROR;
				CLANG_WARN_EMPTY_BODY = YES;
				CLANG_WARN_ENUM_CONVERSION = YES;
				CLANG_WARN_INT_CONVERSION = YES;
				CLANG_WARN_OBJC_ROOT_CLASS = YES_ERROR;
				CLANG_WARN__DUPLICATE_METHOD_MATCH = YES;
				"CODE_SIGN_IDENTITY[sdk=iphoneos*]" = "iPhone Developer";
				COPY_PHASE_STRIP = NO;
				GCC_C_LANGUAGE_STANDARD = gnu99;
				GCC_DYNAMIC_NO_PIC = NO;
				GCC_OPTIMIZATION_LEVEL = 0;
				GCC_PREPROCESSOR_DEFINITIONS = (
					"DEBUG=1",
					"$(inherited)",
				);
				GCC_SYMBOLS_PRIVATE_EXTERN = NO;
				GCC_WARN_64_TO_32_BIT_CONVERSION = YES;
				GCC_WARN_ABOUT_RETURN_TYPE = YES_ERROR;
				GCC_WARN_UNDECLARED_SELECTOR = YES;
				GCC_WARN_UNINITIALIZED_AUTOS = YES;
				GCC_WARN_UNUSED_FUNCTION = YES;
				GCC_WARN_UNUSED_VARIABLE = YES;
				IPHONEOS_DEPLOYMENT_TARGET = 7.0;
				ONLY_ACTIVE_ARCH = YES;
				SDKROOT = iphoneos;
			};
			name = Debug;
		};
		201E6DE917F8BB260004B93D /* Release */ = {
			isa = XCBuildConfiguration;
			buildSettings = {
				ALWAYS_SEARCH_USER_PATHS = NO;
				CLANG_CXX_LANGUAGE_STANDARD = "gnu++0x";
				CLANG_CXX_LIBRARY = "libc++";
				CLANG_ENABLE_MODULES = YES;
				CLANG_ENABLE_OBJC_ARC = YES;
				CLANG_WARN_BOOL_CONVERSION = YES;
				CLANG_WARN_CONSTANT_CONVERSION = YES;
				CLANG_WARN_DIRECT_OBJC_ISA_USAGE = YES_ERROR;
				CLANG_WARN_EMPTY_BODY = YES;
				CLANG_WARN_ENUM_CONVERSION = YES;
				CLANG_WARN_INT_CONVERSION = YES;
				CLANG_WARN_OBJC_ROOT_CLASS = YES_ERROR;
				CLANG_WARN__DUPLICATE_METHOD_MATCH = YES;
				"CODE_SIGN_IDENTITY[sdk=iphoneos*]" = "iPhone Developer";
				COPY_PHASE_STRIP = YES;
				ENABLE_NS_ASSERTIONS = NO;
				GCC_C_LANGUAGE_STANDARD = gnu99;
				GCC_WARN_64_TO_32_BIT_CONVERSION = YES;
				GCC_WARN_ABOUT_RETURN_TYPE = YES_ERROR;
				GCC_WARN_UNDECLARED_SELECTOR = YES;
				GCC_WARN_UNINITIALIZED_AUTOS = YES;
				GCC_WARN_UNUSED_FUNCTION = YES;
				GCC_WARN_UNUSED_VARIABLE = YES;
				IPHONEOS_DEPLOYMENT_TARGET = 7.0;
				SDKROOT = iphoneos;
				VALIDATE_PRODUCT = YES;
			};
			name = Release;
		};
		201E6DEB17F8BB260004B93D /* Debug */ = {
			isa = XCBuildConfiguration;
			buildSettings = {
				ASSETCATALOG_COMPILER_APPICON_NAME = AppIcon;
				ASSETCATALOG_COMPILER_LAUNCHIMAGE_NAME = LaunchImage;
				GCC_PRECOMPILE_PREFIX_HEADER = YES;
				GCC_PREFIX_HEADER = "Luck of the Settlers/Luck of the Settlers-Prefix.pch";
				INFOPLIST_FILE = "Luck of the Settlers/Luck of the Settlers-Info.plist";
				PRODUCT_NAME = "$(TARGET_NAME)";
				WRAPPER_EXTENSION = app;
			};
			name = Debug;
		};
		201E6DEC17F8BB260004B93D /* Release */ = {
			isa = XCBuildConfiguration;
			buildSettings = {
				ASSETCATALOG_COMPILER_APPICON_NAME = AppIcon;
				ASSETCATALOG_COMPILER_LAUNCHIMAGE_NAME = LaunchImage;
				GCC_PRECOMPILE_PREFIX_HEADER = YES;
				GCC_PREFIX_HEADER = "Luck of the Settlers/Luck of the Settlers-Prefix.pch";
				INFOPLIST_FILE = "Luck of the Settlers/Luck of the Settlers-Info.plist";
				PRODUCT_NAME = "$(TARGET_NAME)";
				WRAPPER_EXTENSION = app;
			};
			name = Release;
		};
		201E6DEE17F8BB260004B93D /* Debug */ = {
			isa = XCBuildConfiguration;
			buildSettings = {
				BUNDLE_LOADER = "$(BUILT_PRODUCTS_DIR)/Luck of the Settlers.app/Luck of the Settlers";
				FRAMEWORK_SEARCH_PATHS = (
					"$(SDKROOT)/Developer/Library/Frameworks",
					"$(inherited)",
					"$(DEVELOPER_FRAMEWORKS_DIR)",
				);
				GCC_PRECOMPILE_PREFIX_HEADER = YES;
				GCC_PREFIX_HEADER = "Luck of the Settlers/Luck of the Settlers-Prefix.pch";
				GCC_PREPROCESSOR_DEFINITIONS = (
					"DEBUG=1",
					"$(inherited)",
				);
				INFOPLIST_FILE = "Luck of the SettlersTests/Luck of the SettlersTests-Info.plist";
				PRODUCT_NAME = "$(TARGET_NAME)";
				TEST_HOST = "$(BUNDLE_LOADER)";
				WRAPPER_EXTENSION = xctest;
			};
			name = Debug;
		};
		201E6DEF17F8BB260004B93D /* Release */ = {
			isa = XCBuildConfiguration;
			buildSettings = {
				BUNDLE_LOADER = "$(BUILT_PRODUCTS_DIR)/Luck of the Settlers.app/Luck of the Settlers";
				FRAMEWORK_SEARCH_PATHS = (
					"$(SDKROOT)/Developer/Library/Frameworks",
					"$(inherited)",
					"$(DEVELOPER_FRAMEWORKS_DIR)",
				);
				GCC_PRECOMPILE_PREFIX_HEADER = YES;
				GCC_PREFIX_HEADER = "Luck of the Settlers/Luck of the Settlers-Prefix.pch";
				INFOPLIST_FILE = "Luck of the SettlersTests/Luck of the SettlersTests-Info.plist";
				PRODUCT_NAME = "$(TARGET_NAME)";
				TEST_HOST = "$(BUNDLE_LOADER)";
				WRAPPER_EXTENSION = xctest;
			};
			name = Release;
		};
/* End XCBuildConfiguration section */

/* Begin XCConfigurationList section */
		201E6DB017F8BB260004B93D /* Build configuration list for PBXProject "Luck of the Settlers" */ = {
			isa = XCConfigurationList;
			buildConfigurations = (
				201E6DE817F8BB260004B93D /* Debug */,
				201E6DE917F8BB260004B93D /* Release */,
			);
			defaultConfigurationIsVisible = 0;
			defaultConfigurationName = Release;
		};
		201E6DEA17F8BB260004B93D /* Build configuration list for PBXNativeTarget "Luck of the Settlers" */ = {
			isa = XCConfigurationList;
			buildConfigurations = (
				201E6DEB17F8BB260004B93D /* Debug */,
				201E6DEC17F8BB260004B93D /* Release */,
			);
			defaultConfigurationIsVisible = 0;
			defaultConfigurationName = Release;
		};
		201E6DED17F8BB260004B93D /* Build configuration list for PBXNativeTarget "Luck of the SettlersTests" */ = {
			isa = XCConfigurationList;
			buildConfigurations = (
				201E6DEE17F8BB260004B93D /* Debug */,
				201E6DEF17F8BB260004B93D /* Release */,
			);
			defaultConfigurationIsVisible = 0;
			defaultConfigurationName = Release;
		};
/* End XCConfigurationList section */
	};
	rootObject = 201E6DAD17F8BB260004B93D /* Project object */;
}
